
Microsoft Visual Studio Solution File, Format Version 12.00
# Visual Studio Version 17
VisualStudioVersion = 17.3.32825.248
MinimumVisualStudioVersion = 10.0.40219.1
Project("{FAE04EC0-301F-11D3-BF4B-00C04F79EFBC}") = "BlackJackDiscordBot", "BlackJackDiscordBot\BlackJackDiscordBot.csproj", "{082E9829-E680-42FD-9850-4AE1EBA11EE5}"
EndProject
Global
	GlobalSection(SolutionConfigurationPlatforms) = preSolution
		Debug|Any CPU = Debug|Any CPU
		Release|Any CPU = Release|Any CPU
	EndGlobalSection
	GlobalSection(ProjectConfigurationPlatforms) = postSolution
		{082E9829-E680-42FD-9850-4AE1EBA11EE5}.Debug|Any CPU.ActiveCfg = Debug|Any CPU
		{082E9829-E680-42FD-9850-4AE1EBA11EE5}.Debug|Any CPU.Build.0 = Debug|Any CPU
		{082E9829-E680-42FD-9850-4AE1EBA11EE5}.Release|Any CPU.ActiveCfg = Release|Any CPU
		{082E9829-E680-42FD-9850-4AE1EBA11EE5}.Release|Any CPU.Build.0 = Release|Any CPU
	EndGlobalSection
	GlobalSection(SolutionProperties) = preSolution
		HideSolutionNode = FALSE
	EndGlobalSection
	GlobalSection(ExtensibilityGlobals) = postSolution
		SolutionGuid = {ABCBC0E1-0733-4A10-A06D-DFFF17116474}
	EndGlobalSection
EndGlobal
